{
  "version": 4,
  "terraform_version": "1.5.7",
  "serial": 13,
  "lineage": "36bbad3f-e132-4555-11a2-79c235157903",
  "outputs": {},
  "resources": [
    {
      "module": "module.instances",
      "mode": "managed",
      "type": "google_compute_instance",
      "name": "tf_instance_1",
      "provider": "provider[\"registry.terraform.io/hashicorp/google\"]",
      "instances": [
        {
          "schema_version": 6,
          "attributes": {
            "advanced_machine_features": [],
            "allow_stopping_for_update": true,
            "attached_disk": [],
            "boot_disk": [
              {
                "auto_delete": true,
                "device_name": "persistent-disk-0",
                "disk_encryption_key_raw": "",
                "disk_encryption_key_rsa": "",
                "disk_encryption_key_sha256": "",
                "disk_encryption_service_account": "",
                "force_attach": false,
                "guest_os_features": [
                  "UEFI_COMPATIBLE",
                  "VIRTIO_SCSI_MULTIQUEUE",
                  "GVNIC"
                ],
                "initialize_params": [
                  {
                    "architecture": "X86_64",
                    "enable_confidential_compute": false,
                    "image": "https://www.googleapis.com/compute/v1/projects/debian-cloud/global/images/debian-11-bullseye-v20250513",
                    "labels": {},
                    "provisioned_iops": 0,
                    "provisioned_throughput": 0,
                    "resource_manager_tags": {},
                    "resource_policies": [],
                    "size": 10,
                    "snapshot": "",
                    "source_image_encryption_key": [],
                    "source_snapshot_encryption_key": [],
                    "storage_pool": "",
                    "type": "pd-standard"
                  }
                ],
                "interface": "",
                "kms_key_self_link": "",
                "mode": "READ_WRITE",
                "source": "https://www.googleapis.com/compute/v1/projects/qwiklabs-gcp-00-a2910a515f9f/zones/us-west1-a/disks/tf-instance-1"
              }
            ],
            "can_ip_forward": false,
            "confidential_instance_config": [],
            "cpu_platform": "Intel Broadwell",
            "creation_timestamp": "2025-05-28T10:02:02.850-07:00",
            "current_status": "RUNNING",
            "deletion_protection": false,
            "description": "",
            "desired_status": null,
            "effective_labels": {
              "goog-terraform-provisioned": "true"
            },
            "enable_display": false,
            "guest_accelerator": [],
            "hostname": "",
            "id": "projects/qwiklabs-gcp-00-a2910a515f9f/zones/us-west1-a/instances/tf-instance-1",
            "instance_encryption_key": [],
            "instance_id": "7414412053422210917",
            "key_revocation_action_type": "",
            "label_fingerprint": "vezUS-42LLM=",
            "labels": {},
            "machine_type": "e2-micro",
            "metadata": {},
            "metadata_fingerprint": "2Nnw0QiROsw=",
            "metadata_startup_script": "#!/bin/bash\necho \"Hello from tf-instance-1 startup script!\" \u003e /tmp/startup_output.txt\nsudo apt update \u0026\u0026 sudo apt install -y nginx\nsudo systemctl start nginx\nsudo systemctl enable nginx\n",
            "min_cpu_platform": "",
            "name": "tf-instance-1",
            "network_interface": [
              {
                "access_config": [
                  {
                    "nat_ip": "34.127.60.25",
                    "network_tier": "PREMIUM",
                    "public_ptr_domain_name": ""
                  }
                ],
                "alias_ip_range": [],
                "internal_ipv6_prefix_length": 0,
                "ipv6_access_config": [],
                "ipv6_access_type": "",
                "ipv6_address": "",
                "name": "nic0",
                "network": "https://www.googleapis.com/compute/v1/projects/qwiklabs-gcp-00-a2910a515f9f/global/networks/default",
                "network_attachment": "",
                "network_ip": "10.138.0.4",
                "nic_type": "",
                "queue_count": 0,
                "stack_type": "IPV4_ONLY",
                "subnetwork": "https://www.googleapis.com/compute/v1/projects/qwiklabs-gcp-00-a2910a515f9f/regions/us-west1/subnetworks/default",
                "subnetwork_project": "qwiklabs-gcp-00-a2910a515f9f"
              }
            ],
            "network_performance_config": [],
            "params": [],
            "project": "qwiklabs-gcp-00-a2910a515f9f",
            "reservation_affinity": [],
            "resource_policies": [],
            "scheduling": [
              {
                "automatic_restart": true,
                "availability_domain": 0,
                "instance_termination_action": "",
                "local_ssd_recovery_timeout": [],
                "max_run_duration": [],
                "min_node_cpus": 0,
                "node_affinities": [],
                "on_host_maintenance": "MIGRATE",
                "on_instance_stop_action": [],
                "preemptible": false,
                "provisioning_model": "STANDARD",
                "termination_time": ""
              }
            ],
            "scratch_disk": [],
            "self_link": "https://www.googleapis.com/compute/v1/projects/qwiklabs-gcp-00-a2910a515f9f/zones/us-west1-a/instances/tf-instance-1",
            "service_account": [],
            "shielded_instance_config": [
              {
                "enable_integrity_monitoring": true,
                "enable_secure_boot": false,
                "enable_vtpm": true
              }
            ],
            "tags": [],
            "tags_fingerprint": "42WmSpB8rSM=",
            "terraform_labels": {
              "goog-terraform-provisioned": "true"
            },
            "timeouts": null,
            "zone": "us-west1-a"
          },
          "sensitive_attributes": [],
          "private": "eyJlMmJmYjczMC1lY2FhLTExZTYtOGY4OC0zNDM2M2JjN2M0YzAiOnsiY3JlYXRlIjoxMjAwMDAwMDAwMDAwLCJkZWxldGUiOjEyMDAwMDAwMDAwMDAsInVwZGF0ZSI6MTIwMDAwMDAwMDAwMH0sInNjaGVtYV92ZXJzaW9uIjoiNiJ9"
        }
      ]
    },
    {
      "module": "module.instances",
      "mode": "managed",
      "type": "google_compute_instance",
      "name": "tf_instance_2",
      "provider": "provider[\"registry.terraform.io/hashicorp/google\"]",
      "instances": [
        {
          "schema_version": 6,
          "attributes": {
            "advanced_machine_features": [],
            "allow_stopping_for_update": true,
            "attached_disk": [],
            "boot_disk": [
              {
                "auto_delete": true,
                "device_name": "persistent-disk-0",
                "disk_encryption_key_raw": "",
                "disk_encryption_key_rsa": "",
                "disk_encryption_key_sha256": "",
                "disk_encryption_service_account": "",
                "force_attach": false,
                "guest_os_features": [
                  "UEFI_COMPATIBLE",
                  "VIRTIO_SCSI_MULTIQUEUE",
                  "GVNIC"
                ],
                "initialize_params": [
                  {
                    "architecture": "X86_64",
                    "enable_confidential_compute": false,
                    "image": "https://www.googleapis.com/compute/v1/projects/debian-cloud/global/images/debian-11-bullseye-v20250513",
                    "labels": {},
                    "provisioned_iops": 0,
                    "provisioned_throughput": 0,
                    "resource_manager_tags": {},
                    "resource_policies": [],
                    "size": 10,
                    "snapshot": "",
                    "source_image_encryption_key": [],
                    "source_snapshot_encryption_key": [],
                    "storage_pool": "",
                    "type": "pd-standard"
                  }
                ],
                "interface": "",
                "kms_key_self_link": "",
                "mode": "READ_WRITE",
                "source": "https://www.googleapis.com/compute/v1/projects/qwiklabs-gcp-00-a2910a515f9f/zones/us-west1-a/disks/tf-instance-2"
              }
            ],
            "can_ip_forward": false,
            "confidential_instance_config": [],
            "cpu_platform": "Intel Broadwell",
            "creation_timestamp": "2025-05-28T10:02:03.852-07:00",
            "current_status": "RUNNING",
            "deletion_protection": false,
            "description": "",
            "desired_status": null,
            "effective_labels": {
              "goog-terraform-provisioned": "true"
            },
            "enable_display": false,
            "guest_accelerator": [],
            "hostname": "",
            "id": "projects/qwiklabs-gcp-00-a2910a515f9f/zones/us-west1-a/instances/tf-instance-2",
            "instance_encryption_key": [],
            "instance_id": "2298777932809305956",
            "key_revocation_action_type": "",
            "label_fingerprint": "vezUS-42LLM=",
            "labels": {},
            "machine_type": "e2-micro",
            "metadata": {},
            "metadata_fingerprint": "OSZYAglBVGQ=",
            "metadata_startup_script": "#!/bin/bash\necho \"Hello from tf-instance-2 startup script!\" \u003e /tmp/startup_output.txt\nsudo apt update \u0026\u0026 sudo apt install -y apache2\nsudo systemctl start apache2\nsudo systemctl enable apache2\n",
            "min_cpu_platform": "",
            "name": "tf-instance-2",
            "network_interface": [
              {
                "access_config": [
                  {
                    "nat_ip": "35.247.67.100",
                    "network_tier": "PREMIUM",
                    "public_ptr_domain_name": ""
                  }
                ],
                "alias_ip_range": [],
                "internal_ipv6_prefix_length": 0,
                "ipv6_access_config": [],
                "ipv6_access_type": "",
                "ipv6_address": "",
                "name": "nic0",
                "network": "https://www.googleapis.com/compute/v1/projects/qwiklabs-gcp-00-a2910a515f9f/global/networks/default",
                "network_attachment": "",
                "network_ip": "10.138.0.5",
                "nic_type": "",
                "queue_count": 0,
                "stack_type": "IPV4_ONLY",
                "subnetwork": "https://www.googleapis.com/compute/v1/projects/qwiklabs-gcp-00-a2910a515f9f/regions/us-west1/subnetworks/default",
                "subnetwork_project": "qwiklabs-gcp-00-a2910a515f9f"
              }
            ],
            "network_performance_config": [],
            "params": [],
            "project": "qwiklabs-gcp-00-a2910a515f9f",
            "reservation_affinity": [],
            "resource_policies": [],
            "scheduling": [
              {
                "automatic_restart": true,
                "availability_domain": 0,
                "instance_termination_action": "",
                "local_ssd_recovery_timeout": [],
                "max_run_duration": [],
                "min_node_cpus": 0,
                "node_affinities": [],
                "on_host_maintenance": "MIGRATE",
                "on_instance_stop_action": [],
                "preemptible": false,
                "provisioning_model": "STANDARD",
                "termination_time": ""
              }
            ],
            "scratch_disk": [],
            "self_link": "https://www.googleapis.com/compute/v1/projects/qwiklabs-gcp-00-a2910a515f9f/zones/us-west1-a/instances/tf-instance-2",
            "service_account": [],
            "shielded_instance_config": [
              {
                "enable_integrity_monitoring": true,
                "enable_secure_boot": false,
                "enable_vtpm": true
              }
            ],
            "tags": [],
            "tags_fingerprint": "42WmSpB8rSM=",
            "terraform_labels": {
              "goog-terraform-provisioned": "true"
            },
            "timeouts": null,
            "zone": "us-west1-a"
          },
          "sensitive_attributes": [],
          "private": "eyJlMmJmYjczMC1lY2FhLTExZTYtOGY4OC0zNDM2M2JjN2M0YzAiOnsiY3JlYXRlIjoxMjAwMDAwMDAwMDAwLCJkZWxldGUiOjEyMDAwMDAwMDAwMDAsInVwZGF0ZSI6MTIwMDAwMDAwMDAwMH0sInNjaGVtYV92ZXJzaW9uIjoiNiJ9"
        }
      ]
    },
    {
      "module": "module.storage",
      "mode": "managed",
      "type": "google_storage_bucket",
      "name": "static-site",
      "provider": "provider[\"registry.terraform.io/hashicorp/google\"]",
      "instances": [
        {
          "schema_version": 3,
          "attributes": {
            "autoclass": [],
            "cors": [],
            "custom_placement_config": [],
            "default_event_based_hold": false,
            "effective_labels": {
              "goog-terraform-provisioned": "true"
            },
            "enable_object_retention": false,
            "encryption": [],
            "force_destroy": true,
            "hierarchical_namespace": [
              {
                "enabled": false
              }
            ],
            "id": "tf-bucket-299721",
            "ip_filter": [],
            "labels": null,
            "lifecycle_rule": [],
            "location": "US",
            "logging": [],
            "name": "tf-bucket-299721",
            "project": "qwiklabs-gcp-00-a2910a515f9f",
            "project_number": 172771623221,
            "public_access_prevention": "inherited",
            "requester_pays": false,
            "retention_policy": [],
            "rpo": "DEFAULT",
            "self_link": "https://www.googleapis.com/storage/v1/b/tf-bucket-299721",
            "soft_delete_policy": [
              {
                "effective_time": "2025-05-28T17:21:14.629Z",
                "retention_duration_seconds": 604800
              }
            ],
            "storage_class": "STANDARD",
            "terraform_labels": {
              "goog-terraform-provisioned": "true"
            },
            "time_created": "2025-05-28T17:21:14.629Z",
            "timeouts": null,
            "uniform_bucket_level_access": true,
            "updated": "2025-05-28T17:21:14.629Z",
            "url": "gs://tf-bucket-299721",
            "versioning": [],
            "website": []
          },
          "sensitive_attributes": [],
          "private": "eyJlMmJmYjczMC1lY2FhLTExZTYtOGY4OC0zNDM2M2JjN2M0YzAiOnsiY3JlYXRlIjo2MDAwMDAwMDAwMDAsInJlYWQiOjI0MDAwMDAwMDAwMCwidXBkYXRlIjoyNDAwMDAwMDAwMDB9LCJzY2hlbWFfdmVyc2lvbiI6IjMifQ=="
        }
      ]
    }
  ],
  "check_results": null
}
